// !$*UTF8*$!
{
	archiveVersion = 1;
	classes = {
	};
	objectVersion = 55;
	objects = {

/* Begin PBXBuildFile section */
		5D13ACA228563D2F00F45814 /* OnboardingStartView.swift in Sources */ = {isa = PBXBuildFile; fileRef = 5D13ACA128563D2F00F45814 /* OnboardingStartView.swift */; };
		5D13ACA42856428400F45814 /* OnboardingUsernameView.swift in Sources */ = {isa = PBXBuildFile; fileRef = 5D13ACA32856428400F45814 /* OnboardingUsernameView.swift */; };
		5D13ACA828572FE500F45814 /* RecycleTitleText.swift in Sources */ = {isa = PBXBuildFile; fileRef = 5D13ACA728572FE500F45814 /* RecycleTitleText.swift */; };
		5D13ACAA285733AA00F45814 /* RecycleNextButton.swift in Sources */ = {isa = PBXBuildFile; fileRef = 5D13ACA9285733AA00F45814 /* RecycleNextButton.swift */; };
		5D13ACAC28574E6F00F45814 /* OnboardingDateOfBirth.swift in Sources */ = {isa = PBXBuildFile; fileRef = 5D13ACAB28574E6F00F45814 /* OnboardingDateOfBirth.swift */; };
		5D1D25EB285370C000C2D7FF /* DetailViewTime.swift in Sources */ = {isa = PBXBuildFile; fileRef = 5D1D25EA285370C000C2D7FF /* DetailViewTime.swift */; };
		5D1D25ED285441EA00C2D7FF /* DetailViewMemo.swift in Sources */ = {isa = PBXBuildFile; fileRef = 5D1D25EC285441EA00C2D7FF /* DetailViewMemo.swift */; };
		5D1D25F12854BDC100C2D7FF /* UserAnniversaryView.swift in Sources */ = {isa = PBXBuildFile; fileRef = 5D1D25F02854BDC100C2D7FF /* UserAnniversaryView.swift */; };
		5D27077128536322006F6480 /* DetailScheduleView.swift in Sources */ = {isa = PBXBuildFile; fileRef = 5D27077028536322006F6480 /* DetailScheduleView.swift */; };
		7EF8F1BF285472940008FB44 /* AddSchedule.swift in Sources */ = {isa = PBXBuildFile; fileRef = 7EF8F1BE285472930008FB44 /* AddSchedule.swift */; };
		8B7DA00B28570D8F00AB62D1 /* CloudkitUtility.swift in Sources */ = {isa = PBXBuildFile; fileRef = 8B7DA00A28570D8F00AB62D1 /* CloudkitUtility.swift */; };
		B3C093092855DF2900C53793 /* UserSettingView.swift in Sources */ = {isa = PBXBuildFile; fileRef = B3C093082855DF2900C53793 /* UserSettingView.swift */; };
		B3CEDF232857293D005E8EA3 /* EditingPlanView.swift in Sources */ = {isa = PBXBuildFile; fileRef = B3CEDF222857293D005E8EA3 /* EditingPlanView.swift */; };
		D500A6FB285489AD005A90AD /* CalendarView.swift in Sources */ = {isa = PBXBuildFile; fileRef = D500A6FA285489AD005A90AD /* CalendarView.swift */; };
		D5279A4B28565C1800D2CECF /* TapBarMainView.swift in Sources */ = {isa = PBXBuildFile; fileRef = D5279A4A28565C1800D2CECF /* TapBarMainView.swift */; };
		D5279A572857262A00D2CECF /* Assets.xcassets in Resources */ = {isa = PBXBuildFile; fileRef = D5279A562857262900D2CECF /* Assets.xcassets */; };
		D5279A5928574ECC00D2CECF /* MainView.swift in Sources */ = {isa = PBXBuildFile; fileRef = D5279A5828574ECC00D2CECF /* MainView.swift */; };
		D54307EA2850EA7100CFF605 /* plicApp.swift in Sources */ = {isa = PBXBuildFile; fileRef = D54307E92850EA7100CFF605 /* plicApp.swift */; };
		D54307EC2850EA7100CFF605 /* ContentView.swift in Sources */ = {isa = PBXBuildFile; fileRef = D54307EB2850EA7100CFF605 /* ContentView.swift */; };
		D54307F12850EA7300CFF605 /* Preview Assets.xcassets in Resources */ = {isa = PBXBuildFile; fileRef = D54307F02850EA7300CFF605 /* Preview Assets.xcassets */; };
		D54307F32850EA7300CFF605 /* Persistence.swift in Sources */ = {isa = PBXBuildFile; fileRef = D54307F22850EA7300CFF605 /* Persistence.swift */; };
		D54307F62850EA7300CFF605 /* plic.xcdatamodeld in Sources */ = {isa = PBXBuildFile; fileRef = D54307F42850EA7300CFF605 /* plic.xcdatamodeld */; };
		D54307FF2850ECF300CFF605 /* CloudKit.framework in Frameworks */ = {isa = PBXBuildFile; fileRef = D54307FE2850ECF300CFF605 /* CloudKit.framework */; };
		D543080128530B7700CFF605 /* assets in Resources */ = {isa = PBXBuildFile; fileRef = D543080028530B7700CFF605 /* assets */; };
/* End PBXBuildFile section */

/* Begin PBXFileReference section */
		5D13ACA128563D2F00F45814 /* OnboardingStartView.swift */ = {isa = PBXFileReference; lastKnownFileType = sourcecode.swift; path = OnboardingStartView.swift; sourceTree = "<group>"; };
		5D13ACA32856428400F45814 /* OnboardingUsernameView.swift */ = {isa = PBXFileReference; lastKnownFileType = sourcecode.swift; path = OnboardingUsernameView.swift; sourceTree = "<group>"; };
		5D13ACA728572FE500F45814 /* RecycleTitleText.swift */ = {isa = PBXFileReference; lastKnownFileType = sourcecode.swift; name = RecycleTitleText.swift; path = plic/RecycleTitleText.swift; sourceTree = SOURCE_ROOT; };
		5D13ACA9285733AA00F45814 /* RecycleNextButton.swift */ = {isa = PBXFileReference; lastKnownFileType = sourcecode.swift; path = RecycleNextButton.swift; sourceTree = "<group>"; };
		5D13ACAB28574E6F00F45814 /* OnboardingDateOfBirth.swift */ = {isa = PBXFileReference; lastKnownFileType = sourcecode.swift; path = OnboardingDateOfBirth.swift; sourceTree = "<group>"; };
		5D1D25EA285370C000C2D7FF /* DetailViewTime.swift */ = {isa = PBXFileReference; lastKnownFileType = sourcecode.swift; path = DetailViewTime.swift; sourceTree = "<group>"; };
		5D1D25EC285441EA00C2D7FF /* DetailViewMemo.swift */ = {isa = PBXFileReference; lastKnownFileType = sourcecode.swift; path = DetailViewMemo.swift; sourceTree = "<group>"; };
		5D1D25F02854BDC100C2D7FF /* UserAnniversaryView.swift */ = {isa = PBXFileReference; lastKnownFileType = sourcecode.swift; path = UserAnniversaryView.swift; sourceTree = "<group>"; };
		5D27077028536322006F6480 /* DetailScheduleView.swift */ = {isa = PBXFileReference; lastKnownFileType = sourcecode.swift; path = DetailScheduleView.swift; sourceTree = "<group>"; };
		7EF8F1BE285472930008FB44 /* AddSchedule.swift */ = {isa = PBXFileReference; lastKnownFileType = sourcecode.swift; path = AddSchedule.swift; sourceTree = "<group>"; };
		8B7DA00A28570D8F00AB62D1 /* CloudkitUtility.swift */ = {isa = PBXFileReference; lastKnownFileType = sourcecode.swift; path = CloudkitUtility.swift; sourceTree = "<group>"; };
		B3C093082855DF2900C53793 /* UserSettingView.swift */ = {isa = PBXFileReference; lastKnownFileType = sourcecode.swift; path = UserSettingView.swift; sourceTree = "<group>"; };
		B3CEDF222857293D005E8EA3 /* EditingPlanView.swift */ = {isa = PBXFileReference; lastKnownFileType = sourcecode.swift; path = EditingPlanView.swift; sourceTree = "<group>"; };
		D500A6FA285489AD005A90AD /* CalendarView.swift */ = {isa = PBXFileReference; lastKnownFileType = sourcecode.swift; path = CalendarView.swift; sourceTree = "<group>"; };
		D5279A292854FE0000D2CECF /* DayPickerView.swift */ = {isa = PBXFileReference; lastKnownFileType = sourcecode.swift; path = DayPickerView.swift; sourceTree = "<group>"; };
		D5279A4A28565C1800D2CECF /* TapBarMainView.swift */ = {isa = PBXFileReference; lastKnownFileType = sourcecode.swift; path = TapBarMainView.swift; sourceTree = "<group>"; };
		D5279A562857262900D2CECF /* Assets.xcassets */ = {isa = PBXFileReference; lastKnownFileType = folder.assetcatalog; path = Assets.xcassets; sourceTree = "<group>"; };
		D5279A5828574ECC00D2CECF /* MainView.swift */ = {isa = PBXFileReference; lastKnownFileType = sourcecode.swift; path = MainView.swift; sourceTree = "<group>"; };
		D54307E62850EA7100CFF605 /* plic.app */ = {isa = PBXFileReference; explicitFileType = wrapper.application; includeInIndex = 0; path = plic.app; sourceTree = BUILT_PRODUCTS_DIR; };
		D54307E92850EA7100CFF605 /* plicApp.swift */ = {isa = PBXFileReference; lastKnownFileType = sourcecode.swift; path = plicApp.swift; sourceTree = "<group>"; };
		D54307EB2850EA7100CFF605 /* ContentView.swift */ = {isa = PBXFileReference; lastKnownFileType = sourcecode.swift; path = ContentView.swift; sourceTree = "<group>"; };
		D54307F02850EA7300CFF605 /* Preview Assets.xcassets */ = {isa = PBXFileReference; lastKnownFileType = folder.assetcatalog; path = "Preview Assets.xcassets"; sourceTree = "<group>"; };
		D54307F22850EA7300CFF605 /* Persistence.swift */ = {isa = PBXFileReference; lastKnownFileType = sourcecode.swift; path = Persistence.swift; sourceTree = "<group>"; };
		D54307F52850EA7300CFF605 /* plic.xcdatamodel */ = {isa = PBXFileReference; lastKnownFileType = wrapper.xcdatamodel; path = plic.xcdatamodel; sourceTree = "<group>"; };
		D54307FC2850ECE800CFF605 /* plic.entitlements */ = {isa = PBXFileReference; lastKnownFileType = text.plist.entitlements; path = plic.entitlements; sourceTree = "<group>"; };
		D54307FE2850ECF300CFF605 /* CloudKit.framework */ = {isa = PBXFileReference; lastKnownFileType = wrapper.framework; name = CloudKit.framework; path = System/Library/Frameworks/CloudKit.framework; sourceTree = SDKROOT; };
		D543080028530B7700CFF605 /* assets */ = {isa = PBXFileReference; lastKnownFileType = folder; path = assets; sourceTree = "<group>"; };
		D543080228530CA700CFF605 /* Info.plist */ = {isa = PBXFileReference; lastKnownFileType = text.plist; path = Info.plist; sourceTree = "<group>"; };
/* End PBXFileReference section */

/* Begin PBXFrameworksBuildPhase section */
		D54307E32850EA7100CFF605 /* Frameworks */ = {
			isa = PBXFrameworksBuildPhase;
			buildActionMask = 2147483647;
			files = (
				D54307FF2850ECF300CFF605 /* CloudKit.framework in Frameworks */,
			);
			runOnlyForDeploymentPostprocessing = 0;
		};
/* End PBXFrameworksBuildPhase section */

/* Begin PBXGroup section */
		8B7DA00928570D6E00AB62D1 /* Cloudkit */ = {
			isa = PBXGroup;
			children = (
				8B7DA00A28570D8F00AB62D1 /* CloudkitUtility.swift */,
			);
			path = Cloudkit;
			sourceTree = "<group>";
		};
		D5279A4C285722FB00D2CECF /* OnboardingViews */ = {
			isa = PBXGroup;
			children = (
				D5279A4D2857239900D2CECF /* OnboardingRecycle */,
				5D13ACA128563D2F00F45814 /* OnboardingStartView.swift */,
				5D13ACA32856428400F45814 /* OnboardingUsernameView.swift */,
				5D13ACAB28574E6F00F45814 /* OnboardingDateOfBirth.swift */,
			);
			path = OnboardingViews;
			sourceTree = "<group>";
		};
		D5279A4D2857239900D2CECF /* OnboardingRecycle */ = {
			isa = PBXGroup;
			children = (
				5D13ACA9285733AA00F45814 /* RecycleNextButton.swift */,
				5D13ACA728572FE500F45814 /* RecycleTitleText.swift */,
			);
			path = OnboardingRecycle;
			sourceTree = "<group>";
		};
		D5279A4E2857241B00D2CECF /* ManageScheduleViews */ = {
			isa = PBXGroup;
			children = (
				7EF8F1BE285472930008FB44 /* AddSchedule.swift */,
			);
			path = ManageScheduleViews;
			sourceTree = "<group>";
		};
		D5279A4F2857245200D2CECF /* SettingViews */ = {
			isa = PBXGroup;
			children = (
				B3C093082855DF2900C53793 /* UserSettingView.swift */,
				5D1D25F02854BDC100C2D7FF /* UserAnniversaryView.swift */,
				B3CEDF222857293D005E8EA3 /* EditingPlanView.swift */,
			);
			path = SettingViews;
			sourceTree = "<group>";
		};
		D5279A50285724A600D2CECF /* MainView */ = {
			isa = PBXGroup;
			children = (
				D5279A5828574ECC00D2CECF /* MainView.swift */,
				D5279A4A28565C1800D2CECF /* TapBarMainView.swift */,
				D5279A51285724BA00D2CECF /* MainViewRecycle */,
			);
			path = MainView;
			sourceTree = "<group>";
		};
		D5279A51285724BA00D2CECF /* MainViewRecycle */ = {
			isa = PBXGroup;
			children = (
				D500A6FA285489AD005A90AD /* CalendarView.swift */,
			);
			path = MainViewRecycle;
			sourceTree = "<group>";
		};
		D5279A52285724D100D2CECF /* WeeklyView */ = {
			isa = PBXGroup;
			children = (
				D5279A552857255D00D2CECF /* WeeklyViewRecycle */,
			);
			path = WeeklyView;
			sourceTree = "<group>";
		};
		D5279A532857250D00D2CECF /* DetailScheduleView */ = {
			isa = PBXGroup;
			children = (
				5D27077028536322006F6480 /* DetailScheduleView.swift */,
				D5279A542857253600D2CECF /* DetailScheduleViewRecycle */,
			);
			path = DetailScheduleView;
			sourceTree = "<group>";
		};
		D5279A542857253600D2CECF /* DetailScheduleViewRecycle */ = {
			isa = PBXGroup;
			children = (
				5D1D25EC285441EA00C2D7FF /* DetailViewMemo.swift */,
				5D1D25EA285370C000C2D7FF /* DetailViewTime.swift */,
			);
			path = DetailScheduleViewRecycle;
			sourceTree = "<group>";
		};
		D5279A552857255D00D2CECF /* WeeklyViewRecycle */ = {
			isa = PBXGroup;
			children = (
				D5279A292854FE0000D2CECF /* DayPickerView.swift */,
			);
			path = WeeklyViewRecycle;
			sourceTree = "<group>";
		};
		D54307DD2850EA7100CFF605 = {
			isa = PBXGroup;
			children = (
				D54307E92850EA7100CFF605 /* plicApp.swift */,
				D54307EB2850EA7100CFF605 /* ContentView.swift */,
				D54307F22850EA7300CFF605 /* Persistence.swift */,
				D54307E82850EA7100CFF605 /* plic */,
				D543080028530B7700CFF605 /* assets */,
				D54307E72850EA7100CFF605 /* Products */,
				D54307FD2850ECF300CFF605 /* Frameworks */,
			);
			sourceTree = "<group>";
		};
		D54307E72850EA7100CFF605 /* Products */ = {
			isa = PBXGroup;
			children = (
				D54307E62850EA7100CFF605 /* plic.app */,
			);
			name = Products;
			sourceTree = "<group>";
		};
		D54307E82850EA7100CFF605 /* plic */ = {
			isa = PBXGroup;
			children = (
				D5279A562857262900D2CECF /* Assets.xcassets */,
				D5279A532857250D00D2CECF /* DetailScheduleView */,
				D5279A52285724D100D2CECF /* WeeklyView */,
				D5279A50285724A600D2CECF /* MainView */,
				D543080228530CA700CFF605 /* Info.plist */,
				D5279A4F2857245200D2CECF /* SettingViews */,
				D5279A4C285722FB00D2CECF /* OnboardingViews */,
				D5279A4E2857241B00D2CECF /* ManageScheduleViews */,
				D54307FC2850ECE800CFF605 /* plic.entitlements */,
				D54307F42850EA7300CFF605 /* plic.xcdatamodeld */,
				D54307EF2850EA7300CFF605 /* Preview Content */,
				8B7DA00928570D6E00AB62D1 /* Cloudkit */,
			);
			path = plic;
			sourceTree = "<group>";
		};
		D54307EF2850EA7300CFF605 /* Preview Content */ = {
			isa = PBXGroup;
			children = (
				D54307F02850EA7300CFF605 /* Preview Assets.xcassets */,
			);
			path = "Preview Content";
			sourceTree = "<group>";
		};
		D54307FD2850ECF300CFF605 /* Frameworks */ = {
			isa = PBXGroup;
			children = (
				D54307FE2850ECF300CFF605 /* CloudKit.framework */,
			);
			name = Frameworks;
			sourceTree = "<group>";
		};
/* End PBXGroup section */

/* Begin PBXNativeTarget section */
		D54307E52850EA7100CFF605 /* plic */ = {
			isa = PBXNativeTarget;
			buildConfigurationList = D54307F92850EA7300CFF605 /* Build configuration list for PBXNativeTarget "plic" */;
			buildPhases = (
				D54307E22850EA7100CFF605 /* Sources */,
				D54307E32850EA7100CFF605 /* Frameworks */,
				D54307E42850EA7100CFF605 /* Resources */,
			);
			buildRules = (
			);
			dependencies = (
			);
			name = plic;
			productName = plic;
			productReference = D54307E62850EA7100CFF605 /* plic.app */;
			productType = "com.apple.product-type.application";
		};
/* End PBXNativeTarget section */

/* Begin PBXProject section */
		D54307DE2850EA7100CFF605 /* Project object */ = {
			isa = PBXProject;
			attributes = {
				BuildIndependentTargetsInParallel = 1;
				LastSwiftUpdateCheck = 1330;
				LastUpgradeCheck = 1330;
				TargetAttributes = {
					D54307E52850EA7100CFF605 = {
						CreatedOnToolsVersion = 13.3.1;
					};
				};
			};
			buildConfigurationList = D54307E12850EA7100CFF605 /* Build configuration list for PBXProject "plic" */;
			compatibilityVersion = "Xcode 13.0";
			developmentRegion = en;
			hasScannedForEncodings = 0;
			knownRegions = (
				en,
				Base,
			);
			mainGroup = D54307DD2850EA7100CFF605;
			productRefGroup = D54307E72850EA7100CFF605 /* Products */;
			projectDirPath = "";
			projectRoot = "";
			targets = (
				D54307E52850EA7100CFF605 /* plic */,
			);
		};
/* End PBXProject section */

/* Begin PBXResourcesBuildPhase section */
		D54307E42850EA7100CFF605 /* Resources */ = {
			isa = PBXResourcesBuildPhase;
			buildActionMask = 2147483647;
			files = (
				D543080128530B7700CFF605 /* assets in Resources */,
				D5279A572857262A00D2CECF /* Assets.xcassets in Resources */,
				D54307F12850EA7300CFF605 /* Preview Assets.xcassets in Resources */,
			);
			runOnlyForDeploymentPostprocessing = 0;
		};
/* End PBXResourcesBuildPhase section */

/* Begin PBXSourcesBuildPhase section */
		D54307E22850EA7100CFF605 /* Sources */ = {
			isa = PBXSourcesBuildPhase;
			buildActionMask = 2147483647;
			files = (
				D500A6FB285489AD005A90AD /* CalendarView.swift in Sources */,
				7EF8F1BF285472940008FB44 /* AddSchedule.swift in Sources */,
				D54307F32850EA7300CFF605 /* Persistence.swift in Sources */,
				B3C093092855DF2900C53793 /* UserSettingView.swift in Sources */,
				5D13ACA228563D2F00F45814 /* OnboardingStartView.swift in Sources */,
				D54307F62850EA7300CFF605 /* plic.xcdatamodeld in Sources */,
				5D1D25F12854BDC100C2D7FF /* UserAnniversaryView.swift in Sources */,
				5D13ACAC28574E6F00F45814 /* OnboardingDateOfBirth.swift in Sources */,
				D54307EC2850EA7100CFF605 /* ContentView.swift in Sources */,
				8B7DA00B28570D8F00AB62D1 /* CloudkitUtility.swift in Sources */,
				D5279A5928574ECC00D2CECF /* MainView.swift in Sources */,
				5D1D25ED285441EA00C2D7FF /* DetailViewMemo.swift in Sources */,
				B3CEDF232857293D005E8EA3 /* EditingPlanView.swift in Sources */,
				5D1D25EB285370C000C2D7FF /* DetailViewTime.swift in Sources */,
				5D13ACA828572FE500F45814 /* RecycleTitleText.swift in Sources */,
				5D13ACA42856428400F45814 /* OnboardingUsernameView.swift in Sources */,
				5D13ACAA285733AA00F45814 /* RecycleNextButton.swift in Sources */,
				D5279A4B28565C1800D2CECF /* TapBarMainView.swift in Sources */,
				D54307EA2850EA7100CFF605 /* plicApp.swift in Sources */,
				5D27077128536322006F6480 /* DetailScheduleView.swift in Sources */,
			);
			runOnlyForDeploymentPostprocessing = 0;
		};
/* End PBXSourcesBuildPhase section */

/* Begin XCBuildConfiguration section */
		D54307F72850EA7300CFF605 /* Debug */ = {
			isa = XCBuildConfiguration;
			buildSettings = {
				ALWAYS_SEARCH_USER_PATHS = NO;
				CLANG_ANALYZER_NONNULL = YES;
				CLANG_ANALYZER_NUMBER_OBJECT_CONVERSION = YES_AGGRESSIVE;
				CLANG_CXX_LANGUAGE_STANDARD = "gnu++17";
				CLANG_ENABLE_MODULES = YES;
				CLANG_ENABLE_OBJC_ARC = YES;
				CLANG_ENABLE_OBJC_WEAK = YES;
				CLANG_WARN_BLOCK_CAPTURE_AUTORELEASING = YES;
				CLANG_WARN_BOOL_CONVERSION = YES;
				CLANG_WARN_COMMA = YES;
				CLANG_WARN_CONSTANT_CONVERSION = YES;
				CLANG_WARN_DEPRECATED_OBJC_IMPLEMENTATIONS = YES;
				CLANG_WARN_DIRECT_OBJC_ISA_USAGE = YES_ERROR;
				CLANG_WARN_DOCUMENTATION_COMMENTS = YES;
				CLANG_WARN_EMPTY_BODY = YES;
				CLANG_WARN_ENUM_CONVERSION = YES;
				CLANG_WARN_INFINITE_RECURSION = YES;
				CLANG_WARN_INT_CONVERSION = YES;
				CLANG_WARN_NON_LITERAL_NULL_CONVERSION = YES;
				CLANG_WARN_OBJC_IMPLICIT_RETAIN_SELF = YES;
				CLANG_WARN_OBJC_LITERAL_CONVERSION = YES;
				CLANG_WARN_OBJC_ROOT_CLASS = YES_ERROR;
				CLANG_WARN_QUOTED_INCLUDE_IN_FRAMEWORK_HEADER = YES;
				CLANG_WARN_RANGE_LOOP_ANALYSIS = YES;
				CLANG_WARN_STRICT_PROTOTYPES = YES;
				CLANG_WARN_SUSPICIOUS_MOVE = YES;
				CLANG_WARN_UNGUARDED_AVAILABILITY = YES_AGGRESSIVE;
				CLANG_WARN_UNREACHABLE_CODE = YES;
				CLANG_WARN__DUPLICATE_METHOD_MATCH = YES;
				COPY_PHASE_STRIP = NO;
				DEBUG_INFORMATION_FORMAT = dwarf;
				ENABLE_STRICT_OBJC_MSGSEND = YES;
				ENABLE_TESTABILITY = YES;
				GCC_C_LANGUAGE_STANDARD = gnu11;
				GCC_DYNAMIC_NO_PIC = NO;
				GCC_NO_COMMON_BLOCKS = YES;
				GCC_OPTIMIZATION_LEVEL = 0;
				GCC_PREPROCESSOR_DEFINITIONS = (
					"DEBUG=1",
					"$(inherited)",
				);
				GCC_WARN_64_TO_32_BIT_CONVERSION = YES;
				GCC_WARN_ABOUT_RETURN_TYPE = YES_ERROR;
				GCC_WARN_UNDECLARED_SELECTOR = YES;
				GCC_WARN_UNINITIALIZED_AUTOS = YES_AGGRESSIVE;
				GCC_WARN_UNUSED_FUNCTION = YES;
				GCC_WARN_UNUSED_VARIABLE = YES;
				IPHONEOS_DEPLOYMENT_TARGET = 15.4;
				MTL_ENABLE_DEBUG_INFO = INCLUDE_SOURCE;
				MTL_FAST_MATH = YES;
				ONLY_ACTIVE_ARCH = YES;
				SDKROOT = iphoneos;
				SWIFT_ACTIVE_COMPILATION_CONDITIONS = DEBUG;
				SWIFT_OPTIMIZATION_LEVEL = "-Onone";
			};
			name = Debug;
		};
		D54307F82850EA7300CFF605 /* Release */ = {
			isa = XCBuildConfiguration;
			buildSettings = {
				ALWAYS_SEARCH_USER_PATHS = NO;
				CLANG_ANALYZER_NONNULL = YES;
				CLANG_ANALYZER_NUMBER_OBJECT_CONVERSION = YES_AGGRESSIVE;
				CLANG_CXX_LANGUAGE_STANDARD = "gnu++17";
				CLANG_ENABLE_MODULES = YES;
				CLANG_ENABLE_OBJC_ARC = YES;
				CLANG_ENABLE_OBJC_WEAK = YES;
				CLANG_WARN_BLOCK_CAPTURE_AUTORELEASING = YES;
				CLANG_WARN_BOOL_CONVERSION = YES;
				CLANG_WARN_COMMA = YES;
				CLANG_WARN_CONSTANT_CONVERSION = YES;
				CLANG_WARN_DEPRECATED_OBJC_IMPLEMENTATIONS = YES;
				CLANG_WARN_DIRECT_OBJC_ISA_USAGE = YES_ERROR;
				CLANG_WARN_DOCUMENTATION_COMMENTS = YES;
				CLANG_WARN_EMPTY_BODY = YES;
				CLANG_WARN_ENUM_CONVERSION = YES;
				CLANG_WARN_INFINITE_RECURSION = YES;
				CLANG_WARN_INT_CONVERSION = YES;
				CLANG_WARN_NON_LITERAL_NULL_CONVERSION = YES;
				CLANG_WARN_OBJC_IMPLICIT_RETAIN_SELF = YES;
				CLANG_WARN_OBJC_LITERAL_CONVERSION = YES;
				CLANG_WARN_OBJC_ROOT_CLASS = YES_ERROR;
				CLANG_WARN_QUOTED_INCLUDE_IN_FRAMEWORK_HEADER = YES;
				CLANG_WARN_RANGE_LOOP_ANALYSIS = YES;
				CLANG_WARN_STRICT_PROTOTYPES = YES;
				CLANG_WARN_SUSPICIOUS_MOVE = YES;
				CLANG_WARN_UNGUARDED_AVAILABILITY = YES_AGGRESSIVE;
				CLANG_WARN_UNREACHABLE_CODE = YES;
				CLANG_WARN__DUPLICATE_METHOD_MATCH = YES;
				COPY_PHASE_STRIP = NO;
				DEBUG_INFORMATION_FORMAT = "dwarf-with-dsym";
				ENABLE_NS_ASSERTIONS = NO;
				ENABLE_STRICT_OBJC_MSGSEND = YES;
				GCC_C_LANGUAGE_STANDARD = gnu11;
				GCC_NO_COMMON_BLOCKS = YES;
				GCC_WARN_64_TO_32_BIT_CONVERSION = YES;
				GCC_WARN_ABOUT_RETURN_TYPE = YES_ERROR;
				GCC_WARN_UNDECLARED_SELECTOR = YES;
				GCC_WARN_UNINITIALIZED_AUTOS = YES_AGGRESSIVE;
				GCC_WARN_UNUSED_FUNCTION = YES;
				GCC_WARN_UNUSED_VARIABLE = YES;
				IPHONEOS_DEPLOYMENT_TARGET = 15.4;
				MTL_ENABLE_DEBUG_INFO = NO;
				MTL_FAST_MATH = YES;
				SDKROOT = iphoneos;
				SWIFT_COMPILATION_MODE = wholemodule;
				SWIFT_OPTIMIZATION_LEVEL = "-O";
				VALIDATE_PRODUCT = YES;
			};
			name = Release;
		};
		D54307FA2850EA7300CFF605 /* Debug */ = {
			isa = XCBuildConfiguration;
			buildSettings = {
				ASSETCATALOG_COMPILER_APPICON_NAME = AppIcon;
				ASSETCATALOG_COMPILER_GLOBAL_ACCENT_COLOR_NAME = AccentColor;
				CODE_SIGN_ENTITLEMENTS = plic/plic.entitlements;
				CODE_SIGN_STYLE = Automatic;
				CURRENT_PROJECT_VERSION = 1;
				DEVELOPMENT_ASSET_PATHS = "\"plic/Preview Content\"";
				DEVELOPMENT_TEAM = 5N5TS7Y4MA;
				ENABLE_PREVIEWS = YES;
				GENERATE_INFOPLIST_FILE = YES;
				INFOPLIST_FILE = plic/Info.plist;
				INFOPLIST_KEY_UIApplicationSceneManifest_Generation = YES;
				INFOPLIST_KEY_UIApplicationSupportsIndirectInputEvents = YES;
				INFOPLIST_KEY_UILaunchScreen_Generation = YES;
				INFOPLIST_KEY_UISupportedInterfaceOrientations_iPad = "UIInterfaceOrientationPortrait UIInterfaceOrientationPortraitUpsideDown UIInterfaceOrientationLandscapeLeft UIInterfaceOrientationLandscapeRight";
				INFOPLIST_KEY_UISupportedInterfaceOrientations_iPhone = "UIInterfaceOrientationPortrait UIInterfaceOrientationLandscapeLeft UIInterfaceOrientationLandscapeRight";
				LD_RUNPATH_SEARCH_PATHS = (
					"$(inherited)",
					"@executable_path/Frameworks",
				);
				MARKETING_VERSION = 1.0;
				PRODUCT_BUNDLE_IDENTIFIER = com.workingturtle.plic;
				PRODUCT_NAME = "$(TARGET_NAME)";
				SWIFT_EMIT_LOC_STRINGS = YES;
				SWIFT_VERSION = 5.0;
				TARGETED_DEVICE_FAMILY = "1,2";
			};
			name = Debug;
		};
		D54307FB2850EA7300CFF605 /* Release */ = {
			isa = XCBuildConfiguration;
			buildSettings = {
				ASSETCATALOG_COMPILER_APPICON_NAME = AppIcon;
				ASSETCATALOG_COMPILER_GLOBAL_ACCENT_COLOR_NAME = AccentColor;
				CODE_SIGN_ENTITLEMENTS = plic/plic.entitlements;
				CODE_SIGN_STYLE = Automatic;
				CURRENT_PROJECT_VERSION = 1;
				DEVELOPMENT_ASSET_PATHS = "\"plic/Preview Content\"";
				DEVELOPMENT_TEAM = 5N5TS7Y4MA;
				ENABLE_PREVIEWS = YES;
				GENERATE_INFOPLIST_FILE = YES;
				INFOPLIST_FILE = plic/Info.plist;
				INFOPLIST_KEY_UIApplicationSceneManifest_Generation = YES;
				INFOPLIST_KEY_UIApplicationSupportsIndirectInputEvents = YES;
				INFOPLIST_KEY_UILaunchScreen_Generation = YES;
				INFOPLIST_KEY_UISupportedInterfaceOrientations_iPad = "UIInterfaceOrientationPortrait UIInterfaceOrientationPortraitUpsideDown UIInterfaceOrientationLandscapeLeft UIInterfaceOrientationLandscapeRight";
				INFOPLIST_KEY_UISupportedInterfaceOrientations_iPhone = "UIInterfaceOrientationPortrait UIInterfaceOrientationLandscapeLeft UIInterfaceOrientationLandscapeRight";
				LD_RUNPATH_SEARCH_PATHS = (
					"$(inherited)",
					"@executable_path/Frameworks",
				);
				MARKETING_VERSION = 1.0;
				PRODUCT_BUNDLE_IDENTIFIER = com.workingturtle.plic;
				PRODUCT_NAME = "$(TARGET_NAME)";
				SWIFT_EMIT_LOC_STRINGS = YES;
				SWIFT_VERSION = 5.0;
				TARGETED_DEVICE_FAMILY = "1,2";
			};
			name = Release;
		};
/* End XCBuildConfiguration section */

/* Begin XCConfigurationList section */
		D54307E12850EA7100CFF605 /* Build configuration list for PBXProject "plic" */ = {
			isa = XCConfigurationList;
			buildConfigurations = (
				D54307F72850EA7300CFF605 /* Debug */,
				D54307F82850EA7300CFF605 /* Release */,
			);
			defaultConfigurationIsVisible = 0;
			defaultConfigurationName = Release;
		};
		D54307F92850EA7300CFF605 /* Build configuration list for PBXNativeTarget "plic" */ = {
			isa = XCConfigurationList;
			buildConfigurations = (
				D54307FA2850EA7300CFF605 /* Debug */,
				D54307FB2850EA7300CFF605 /* Release */,
			);
			defaultConfigurationIsVisible = 0;
			defaultConfigurationName = Release;
		};
/* End XCConfigurationList section */

/* Begin XCVersionGroup section */
		D54307F42850EA7300CFF605 /* plic.xcdatamodeld */ = {
			isa = XCVersionGroup;
			children = (
				D54307F52850EA7300CFF605 /* plic.xcdatamodel */,
			);
			currentVersion = D54307F52850EA7300CFF605 /* plic.xcdatamodel */;
			path = plic.xcdatamodeld;
			sourceTree = "<group>";
			versionGroupType = wrapper.xcdatamodel;
		};
/* End XCVersionGroup section */
	};
	rootObject = D54307DE2850EA7100CFF605 /* Project object */;
}
